
Microsoft Visual Studio Solution File, Format Version 12.00
# Visual Studio Version 17
VisualStudioVersion = 17.5.33627.172
MinimumVisualStudioVersion = 10.0.40219.1
Project("{9A19103F-16F7-4668-BE54-9A1E7A4F7556}") = "Labb_4_API", "Labb_4_API.csproj", "{5E5AFB00-A9AE-44F8-AA64-498D956AB58D}"
EndProject
Project("{FAE04EC0-301F-11D3-BF4B-00C04F79EFBC}") = "PersonModels", "..\PersonModels\PersonModels.csproj", "{486BE77A-C78D-4A13-92CC-57952A9A5AEF}"
EndProject
Global
	GlobalSection(SolutionConfigurationPlatforms) = preSolution
		Debug|Any CPU = Debug|Any CPU
		Release|Any CPU = Release|Any CPU
	EndGlobalSection
	GlobalSection(ProjectConfigurationPlatforms) = postSolution
		{5E5AFB00-A9AE-44F8-AA64-498D956AB58D}.Debug|Any CPU.ActiveCfg = Debug|Any CPU
		{5E5AFB00-A9AE-44F8-AA64-498D956AB58D}.Debug|Any CPU.Build.0 = Debug|Any CPU
		{5E5AFB00-A9AE-44F8-AA64-498D956AB58D}.Release|Any CPU.ActiveCfg = Release|Any CPU
		{5E5AFB00-A9AE-44F8-AA64-498D956AB58D}.Release|Any CPU.Build.0 = Release|Any CPU
		{486BE77A-C78D-4A13-92CC-57952A9A5AEF}.Debug|Any CPU.ActiveCfg = Debug|Any CPU
		{486BE77A-C78D-4A13-92CC-57952A9A5AEF}.Debug|Any CPU.Build.0 = Debug|Any CPU
		{486BE77A-C78D-4A13-92CC-57952A9A5AEF}.Release|Any CPU.ActiveCfg = Release|Any CPU
		{486BE77A-C78D-4A13-92CC-57952A9A5AEF}.Release|Any CPU.Build.0 = Release|Any CPU
	EndGlobalSection
	GlobalSection(SolutionProperties) = preSolution
		HideSolutionNode = FALSE
	EndGlobalSection
	GlobalSection(ExtensibilityGlobals) = postSolution
		SolutionGuid = {AC79334F-3B37-46A5-8B4B-AA5A155815F9}
	EndGlobalSection
EndGlobal
